
Microsoft Visual Studio Solution File, Format Version 12.00
# Visual Studio 15
VisualStudioVersion = 15.0.28307.136
MinimumVisualStudioVersion = 10.0.40219.1
Project("{FAE04EC0-301F-11D3-BF4B-00C04F79EFBC}") = "MediaBrowser.Channels.Adult.SpankBang", "MediaBrowser.Channels.Adult.SpankBang\MediaBrowser.Channels.Adult.SpankBang.csproj", "{DA89DDA5-5390-4584-8037-97462A8DB142}"
EndProject
Global
	GlobalSection(SolutionConfigurationPlatforms) = preSolution
		Debug|Any CPU = Debug|Any CPU
		Release|Any CPU = Release|Any CPU
	EndGlobalSection
	GlobalSection(ProjectConfigurationPlatforms) = postSolution
		{DA89DDA5-5390-4584-8037-97462A8DB142}.Debug|Any CPU.ActiveCfg = Debug|Any CPU
		{DA89DDA5-5390-4584-8037-97462A8DB142}.Debug|Any CPU.Build.0 = Debug|Any CPU
		{DA89DDA5-5390-4584-8037-97462A8DB142}.Release|Any CPU.ActiveCfg = Release|Any CPU
		{DA89DDA5-5390-4584-8037-97462A8DB142}.Release|Any CPU.Build.0 = Release|Any CPU
	EndGlobalSection
	GlobalSection(SolutionProperties) = preSolution
		HideSolutionNode = FALSE
	EndGlobalSection
	GlobalSection(ExtensibilityGlobals) = postSolution
		SolutionGuid = {83B6164C-0D60-48D1-BFB1-4775C082EE3E}
	EndGlobalSection
EndGlobal
